
Microsoft Visual Studio Solution File, Format Version 12.00
# Visual Studio 15
VisualStudioVersion = 15.0.27428.2027
MinimumVisualStudioVersion = 10.0.40219.1
Project("{FAE04EC0-301F-11D3-BF4B-00C04F79EFBC}") = "VerificateurDeProcedures", "WindowsFormsApp2\VerificateurDeProcedures.csproj", "{422C6B26-63E4-4412-9755-A9E3E50490A7}"
EndProject
Project("{2150E333-8FDC-42A3-9474-1A3956D46DE8}") = "Solution Items", "Solution Items", "{3C337FBD-8562-48AB-BFD2-70CD9129D845}"
EndProject
Global
	GlobalSection(SolutionConfigurationPlatforms) = preSolution
		Debug|Any CPU = Debug|Any CPU
		Release|Any CPU = Release|Any CPU
	EndGlobalSection
	GlobalSection(ProjectConfigurationPlatforms) = postSolution
		{422C6B26-63E4-4412-9755-A9E3E50490A7}.Debug|Any CPU.ActiveCfg = Debug|Any CPU
		{422C6B26-63E4-4412-9755-A9E3E50490A7}.Debug|Any CPU.Build.0 = Debug|Any CPU
		{422C6B26-63E4-4412-9755-A9E3E50490A7}.Release|Any CPU.ActiveCfg = Release|Any CPU
		{422C6B26-63E4-4412-9755-A9E3E50490A7}.Release|Any CPU.Build.0 = Release|Any CPU
	EndGlobalSection
	GlobalSection(SolutionProperties) = preSolution
		HideSolutionNode = FALSE
	EndGlobalSection
	GlobalSection(ExtensibilityGlobals) = postSolution
		SolutionGuid = {4C9A84D8-F610-4866-BE65-96763E424284}
	EndGlobalSection
EndGlobal
